<?xml version="1.0" encoding="utf-8"?>
<Project ToolsVersion="4.0" xmlns="http://schemas.microsoft.com/developer/msbuild/2003">
  <ItemGroup>
    <Filter Include="Source Files">
      <UniqueIdentifier>{4FC737F1-C7A5-4376-A066-2A32D752A2FF}</UniqueIdentifier>
      <Extensions>cpp;c;cc;cxx;def;odl;idl;hpj;bat;asm;asmx</Extensions>
    </Filter>
    <Filter Include="Header Files">
      <UniqueIdentifier>{93995380-89BD-4b04-88EB-625FBE52EBFB}</UniqueIdentifier>
      <Extensions>h;hpp;hxx;hm;inl;inc;xsd</Extensions>
    </Filter>
    <Filter Include="Source Files">
      <UniqueIdentifier>{67DA6AB6-F800-4c08-8B7A-83BB121AAD01}</UniqueIdentifier>
      <Extensions>rc;ico;cur;bmp;dlg;rc2;rct;bin;rgs;gif;jpg;jpeg;jpe;resx;tiff;tif;png;wav</Extensions>
    </Filter>
    <Filter Include="Common">
      <UniqueIdentifier>{fe1551b5-b5b2-4875-b079-2f2e3ce8619f}</UniqueIdentifier>
    </Filter>
  </ItemGroup>
  <ItemGroup>
    <ClCompile Include="Connection.cpp">
      <Filter>Source Files</Filter>
    </ClCompile>
    <ClCompile Include="NetManager.cpp">
      <Filter>Source Files</Filter>
    </ClCompile>
    <ClCompile Include="ServiceBase.cpp">
      <Filter>Source Files</Filter>
    </ClCompile>
    <ClCompile Include="stdafx.cpp">
      <Filter>Source Files</Filter>
    </ClCompile>
    <ClCompile Include="..\ServerEngine\CommonConvert.cpp">
      <Filter>Source Files</Filter>
    </ClCompile>
    <ClCompile Include="..\ServerEngine\CommonFunc.cpp">
      <Filter>Source Files</Filter>
    </ClCompile>
    <ClCompile Include="..\ServerEngine\CommonSocket.cpp">
      <Filter>Source Files</Filter>
    </ClCompile>
    <ClCompile Include="..\ServerEngine\ConfigFile.cpp">
      <Filter>Source Files</Filter>
    </ClCompile>
    <ClCompile Include="..\ServerEngine\CrashReport.cpp">
      <Filter>Source Files</Filter>
    </ClCompile>
    <ClCompile Include="..\ServerEngine\DataBuffer.cpp">
      <Filter>Source Files</Filter>
    </ClCompile>
    <ClCompile Include="..\ServerEngine\DBInterface\CppMysql.cpp">
      <Filter>Source Files</Filter>
    </ClCompile>
    <ClCompile Include="..\ServerEngine\DBInterface\DBConnection.cpp">
      <Filter>Source Files</Filter>
    </ClCompile>
    <ClCompile Include="..\ServerEngine\DBInterface\DBRecordSet.cpp">
      <Filter>Source Files</Filter>
    </ClCompile>
    <ClCompile Include="..\ServerEngine\DBInterface\DBStoredProc.cpp">
      <Filter>Source Files</Filter>
    </ClCompile>
    <ClCompile Include="..\ServerEngine\Log.cpp">
      <Filter>Source Files</Filter>
    </ClCompile>
    <ClCompile Include="..\ServerEngine\LuaManager.cpp">
      <Filter>Source Files</Filter>
    </ClCompile>
    <ClCompile Include="..\ServerEngine\SharedMemory.cpp">
      <Filter>Source Files</Filter>
    </ClCompile>
    <ClCompile Include="..\ServerEngine\TimerManager.cpp">
      <Filter>Source Files</Filter>
    </ClCompile>
    <ClCompile Include="..\ServerEngine\CommonMath.cpp">
      <Filter>Common</Filter>
    </ClCompile>
    <ClCompile Include="..\ServerEngine\CommonTime.cpp">
      <Filter>Common</Filter>
    </ClCompile>
    <ClCompile Include="..\ServerEngine\Md5.cpp">
      <Filter>Common</Filter>
    </ClCompile>
    <ClCompile Include="..\ServerEngine\HttpParameter.cpp">
      <Filter>Source Files</Filter>
    </ClCompile>
  </ItemGroup>
  <ItemGroup>
    <ClInclude Include="Connection.h">
      <Filter>Header Files</Filter>
    </ClInclude>
    <ClInclude Include="NetManager.h">
      <Filter>Header Files</Filter>
    </ClInclude>
    <ClInclude Include="ServerEngine.h">
      <Filter>Header Files</Filter>
    </ClInclude>
    <ClInclude Include="ServiceBase.h">
      <Filter>Header Files</Filter>
    </ClInclude>
    <ClInclude Include="stdafx.h">
      <Filter>Header Files</Filter>
    </ClInclude>
    <ClInclude Include="..\ServerEngine\LockFreeQueue.h">
      <Filter>Common</Filter>
    </ClInclude>
    <ClInclude Include="..\ServerEngine\LockFreeQueueImpl.h">
      <Filter>Common</Filter>
    </ClInclude>
    <ClInclude Include="..\ServerEngine\TimerManager.h">
      <Filter>Common</Filter>
    </ClInclude>
    <ClInclude Include="..\ServerEngine\CrashReport.h">
      <Filter>Header Files</Filter>
    </ClInclude>
    <ClInclude Include="..\ServerEngine\DBInterface\CppMysql.h">
      <Filter>Header Files</Filter>
    </ClInclude>
    <ClInclude Include="..\ServerEngine\DBInterface\DBConnection.h">
      <Filter>Header Files</Filter>
    </ClInclude>
    <ClInclude Include="..\ServerEngine\LuaManager.h">
      <Filter>Header Files</Filter>
    </ClInclude>
    <ClInclude Include="..\ServerEngine\Platform.h">
      <Filter>Header Files</Filter>
    </ClInclude>
    <ClInclude Include="..\ServerEngine\AstarFinder.h">
      <Filter>Common</Filter>
    </ClInclude>
    <ClInclude Include="..\ServerEngine\CommonConvert.h">
      <Filter>Common</Filter>
    </ClInclude>
    <ClInclude Include="..\ServerEngine\CommonFunc.h">
      <Filter>Common</Filter>
    </ClInclude>
    <ClInclude Include="..\ServerEngine\CommonSocket.h">
      <Filter>Common</Filter>
    </ClInclude>
    <ClInclude Include="..\ServerEngine\ConfigFile.h">
      <Filter>Common</Filter>
    </ClInclude>
    <ClInclude Include="..\ServerEngine\DataBuffer.h">
      <Filter>Common</Filter>
    </ClInclude>
    <ClInclude Include="EventFuncManager.h">
      <Filter>Common</Filter>
    </ClInclude>
    <ClInclude Include="..\ServerEngine\DBInterface\DBStoredProc.h">
      <Filter>Common</Filter>
    </ClInclude>
    <ClInclude Include="..\ServerEngine\DBInterface\DBRecordSet.h">
      <Filter>Common</Filter>
    </ClInclude>
    <ClInclude Include="..\ServerEngine\DBInterface\DBInterface.h">
      <Filter>Common</Filter>
    </ClInclude>
    <ClInclude Include="..\ServerEngine\SharedMemory.h">
      <Filter>Common</Filter>
    </ClInclude>
    <ClInclude Include="..\ServerEngine\Log.h">
      <Filter>Common</Filter>
    </ClInclude>
    <ClInclude Include="..\ServerEngine\CommonMath.h">
      <Filter>Common</Filter>
    </ClInclude>
    <ClInclude Include="..\ServerEngine\CommonTime.h">
      <Filter>Common</Filter>
    </ClInclude>
    <ClInclude Include="..\ServerEngine\Md5.h">
      <Filter>Common</Filter>
    </ClInclude>
    <ClInclude Include="..\ServerEngine\HttpParameter.h">
      <Filter>Header Files</Filter>
    </ClInclude>
  </ItemGroup>
  <ItemGroup>
    <None Include="ReadMe.txt" />
  </ItemGroup>
</Project>